// !$*UTF8*$!
{
	archiveVersion = 1;
	classes = {
	};
	objectVersion = 56;
	objects = {

/* Begin PBXBuildFile section */
		8517E83F2ACA1AFB001B162C /* LocaleKeys.swift in Sources */ = {isa = PBXBuildFile; fileRef = 8517E83E2ACA1AFB001B162C /* LocaleKeys.swift */; };
		8517E8402ACA1DE2001B162C /* Localizable.strings in Resources */ = {isa = PBXBuildFile; fileRef = 8517E8422ACA1DE2001B162C /* Localizable.strings */; };
		856CFE902AC76519001798B2 /* UserModel.swift in Sources */ = {isa = PBXBuildFile; fileRef = 856CFE8F2AC76519001798B2 /* UserModel.swift */; };
		856CFE922AC76BFC001798B2 /* RegisterService.swift in Sources */ = {isa = PBXBuildFile; fileRef = 856CFE912AC76BFC001798B2 /* RegisterService.swift */; };
		856CFE942AC76C06001798B2 /* RegisterView.swift in Sources */ = {isa = PBXBuildFile; fileRef = 856CFE932AC76C06001798B2 /* RegisterView.swift */; };
		856CFE962AC76C15001798B2 /* RegisterViewModel.swift in Sources */ = {isa = PBXBuildFile; fileRef = 856CFE952AC76C15001798B2 /* RegisterViewModel.swift */; };
		856CFE982AC76C22001798B2 /* ProfileViewModel.swift in Sources */ = {isa = PBXBuildFile; fileRef = 856CFE972AC76C22001798B2 /* ProfileViewModel.swift */; };
		856CFE9A2AC76C2D001798B2 /* ProfileView.swift in Sources */ = {isa = PBXBuildFile; fileRef = 856CFE992AC76C2D001798B2 /* ProfileView.swift */; };
		856CFEA02AC76C89001798B2 /* LoginViewModel.swift in Sources */ = {isa = PBXBuildFile; fileRef = 856CFE9F2AC76C89001798B2 /* LoginViewModel.swift */; };
		856CFEA22AC76C8F001798B2 /* LoginView.swift in Sources */ = {isa = PBXBuildFile; fileRef = 856CFEA12AC76C8F001798B2 /* LoginView.swift */; };
		856CFEA42AC76C98001798B2 /* LoginService.swift in Sources */ = {isa = PBXBuildFile; fileRef = 856CFEA32AC76C98001798B2 /* LoginService.swift */; };
		856CFEA72AC76CE0001798B2 /* ProfileService.swift in Sources */ = {isa = PBXBuildFile; fileRef = 856CFEA62AC76CE0001798B2 /* ProfileService.swift */; };
		858416822AC42CC60098EDB8 /* Kingfisher in Frameworks */ = {isa = PBXBuildFile; productRef = 858416812AC42CC60098EDB8 /* Kingfisher */; };
		858416842AC433BE0098EDB8 /* HttpPathsEnum.swift in Sources */ = {isa = PBXBuildFile; fileRef = 858416832AC433BE0098EDB8 /* HttpPathsEnum.swift */; };
		858416872AC435340098EDB8 /* Alamofire in Frameworks */ = {isa = PBXBuildFile; productRef = 858416862AC435340098EDB8 /* Alamofire */; };
		859171092ABDDA890023DEDB /* CartProductModel.swift in Sources */ = {isa = PBXBuildFile; fileRef = 859171082ABDDA890023DEDB /* CartProductModel.swift */; };
		85D8071C2AC8ABFD00E54AD4 /* GoogleService-Info.plist in Resources */ = {isa = PBXBuildFile; fileRef = 85D8071B2AC8ABFC00E54AD4 /* GoogleService-Info.plist */; };
		85D807202AC8BD0700E54AD4 /* AuthErrorEnum.swift in Sources */ = {isa = PBXBuildFile; fileRef = 85D8071F2AC8BD0700E54AD4 /* AuthErrorEnum.swift */; };
		85D807222AC8BD1300E54AD4 /* NetworkErrorEnum.swift in Sources */ = {isa = PBXBuildFile; fileRef = 85D807212AC8BD1300E54AD4 /* NetworkErrorEnum.swift */; };
		85DCD8362ACAC8D8007B9A98 /* LanguageManagerSwiftUI in Frameworks */ = {isa = PBXBuildFile; productRef = 85DCD8352ACAC8D8007B9A98 /* LanguageManagerSwiftUI */; };
		85E772422ABB97B2001DA5A1 /* ComputerStoreApp.swift in Sources */ = {isa = PBXBuildFile; fileRef = 85E772412ABB97B2001DA5A1 /* ComputerStoreApp.swift */; };
		85E772442ABB97B2001DA5A1 /* HomeView.swift in Sources */ = {isa = PBXBuildFile; fileRef = 85E772432ABB97B2001DA5A1 /* HomeView.swift */; };
		85E772462ABB97B3001DA5A1 /* Assets.xcassets in Resources */ = {isa = PBXBuildFile; fileRef = 85E772452ABB97B3001DA5A1 /* Assets.xcassets */; };
		85E772492ABB97B3001DA5A1 /* Preview Assets.xcassets in Resources */ = {isa = PBXBuildFile; fileRef = 85E772482ABB97B3001DA5A1 /* Preview Assets.xcassets */; };
		85EC40282AC77DC700DA8BEC /* FirebaseAnalytics in Frameworks */ = {isa = PBXBuildFile; productRef = 85EC40272AC77DC700DA8BEC /* FirebaseAnalytics */; };
		85EC402A2AC77DC700DA8BEC /* FirebaseAnalyticsOnDeviceConversion in Frameworks */ = {isa = PBXBuildFile; productRef = 85EC40292AC77DC700DA8BEC /* FirebaseAnalyticsOnDeviceConversion */; };
		85EC402C2AC77DC700DA8BEC /* FirebaseAnalyticsSwift in Frameworks */ = {isa = PBXBuildFile; productRef = 85EC402B2AC77DC700DA8BEC /* FirebaseAnalyticsSwift */; };
		85EC402E2AC77DC700DA8BEC /* FirebaseAnalyticsWithoutAdIdSupport in Frameworks */ = {isa = PBXBuildFile; productRef = 85EC402D2AC77DC700DA8BEC /* FirebaseAnalyticsWithoutAdIdSupport */; };
		85EC40302AC77DC700DA8BEC /* FirebaseAppCheck in Frameworks */ = {isa = PBXBuildFile; productRef = 85EC402F2AC77DC700DA8BEC /* FirebaseAppCheck */; };
		85EC40322AC77DC700DA8BEC /* FirebaseAppDistribution-Beta in Frameworks */ = {isa = PBXBuildFile; productRef = 85EC40312AC77DC700DA8BEC /* FirebaseAppDistribution-Beta */; };
		85EC40342AC77DC700DA8BEC /* FirebaseAuth in Frameworks */ = {isa = PBXBuildFile; productRef = 85EC40332AC77DC700DA8BEC /* FirebaseAuth */; };
		85EC40362AC77DC700DA8BEC /* FirebaseAuthCombine-Community in Frameworks */ = {isa = PBXBuildFile; productRef = 85EC40352AC77DC700DA8BEC /* FirebaseAuthCombine-Community */; };
		85EC40382AC77DC700DA8BEC /* FirebaseCrashlytics in Frameworks */ = {isa = PBXBuildFile; productRef = 85EC40372AC77DC700DA8BEC /* FirebaseCrashlytics */; };
		85EC403A2AC77DC700DA8BEC /* FirebaseDatabase in Frameworks */ = {isa = PBXBuildFile; productRef = 85EC40392AC77DC700DA8BEC /* FirebaseDatabase */; };
		85EC403C2AC77DC700DA8BEC /* FirebaseDatabaseSwift in Frameworks */ = {isa = PBXBuildFile; productRef = 85EC403B2AC77DC700DA8BEC /* FirebaseDatabaseSwift */; };
		85EC403E2AC77DC700DA8BEC /* FirebaseDynamicLinks in Frameworks */ = {isa = PBXBuildFile; productRef = 85EC403D2AC77DC700DA8BEC /* FirebaseDynamicLinks */; };
		85EC40402AC77DC700DA8BEC /* FirebaseFirestore in Frameworks */ = {isa = PBXBuildFile; productRef = 85EC403F2AC77DC700DA8BEC /* FirebaseFirestore */; };
		85EC40422AC77DC700DA8BEC /* FirebaseFirestoreCombine-Community in Frameworks */ = {isa = PBXBuildFile; productRef = 85EC40412AC77DC700DA8BEC /* FirebaseFirestoreCombine-Community */; };
		85EC40442AC77DC700DA8BEC /* FirebaseFirestoreSwift in Frameworks */ = {isa = PBXBuildFile; productRef = 85EC40432AC77DC700DA8BEC /* FirebaseFirestoreSwift */; };
		85EC40462AC77DC700DA8BEC /* FirebaseFunctions in Frameworks */ = {isa = PBXBuildFile; productRef = 85EC40452AC77DC700DA8BEC /* FirebaseFunctions */; };
		85EC40482AC77DC700DA8BEC /* FirebaseFunctionsCombine-Community in Frameworks */ = {isa = PBXBuildFile; productRef = 85EC40472AC77DC700DA8BEC /* FirebaseFunctionsCombine-Community */; };
		85EC404A2AC77DC700DA8BEC /* FirebaseInAppMessaging-Beta in Frameworks */ = {isa = PBXBuildFile; productRef = 85EC40492AC77DC700DA8BEC /* FirebaseInAppMessaging-Beta */; };
		85EC404C2AC77DC700DA8BEC /* FirebaseInAppMessagingSwift-Beta in Frameworks */ = {isa = PBXBuildFile; productRef = 85EC404B2AC77DC700DA8BEC /* FirebaseInAppMessagingSwift-Beta */; };
		85EC404E2AC77DC700DA8BEC /* FirebaseInstallations in Frameworks */ = {isa = PBXBuildFile; productRef = 85EC404D2AC77DC700DA8BEC /* FirebaseInstallations */; };
		85EC40502AC77DC700DA8BEC /* FirebaseMLModelDownloader in Frameworks */ = {isa = PBXBuildFile; productRef = 85EC404F2AC77DC700DA8BEC /* FirebaseMLModelDownloader */; };
		85EC40522AC77DC800DA8BEC /* FirebaseMessaging in Frameworks */ = {isa = PBXBuildFile; productRef = 85EC40512AC77DC800DA8BEC /* FirebaseMessaging */; };
		85EC40542AC77DC800DA8BEC /* FirebasePerformance in Frameworks */ = {isa = PBXBuildFile; productRef = 85EC40532AC77DC800DA8BEC /* FirebasePerformance */; };
		85EC40562AC77DC800DA8BEC /* FirebaseRemoteConfig in Frameworks */ = {isa = PBXBuildFile; productRef = 85EC40552AC77DC800DA8BEC /* FirebaseRemoteConfig */; };
		85EC40582AC77DC800DA8BEC /* FirebaseRemoteConfigSwift in Frameworks */ = {isa = PBXBuildFile; productRef = 85EC40572AC77DC800DA8BEC /* FirebaseRemoteConfigSwift */; };
		85EC405A2AC77DC800DA8BEC /* FirebaseStorage in Frameworks */ = {isa = PBXBuildFile; productRef = 85EC40592AC77DC800DA8BEC /* FirebaseStorage */; };
		85EC405C2AC77DC800DA8BEC /* FirebaseStorageCombine-Community in Frameworks */ = {isa = PBXBuildFile; productRef = 85EC405B2AC77DC800DA8BEC /* FirebaseStorageCombine-Community */; };
		85EC405E2AC783EC00DA8BEC /* ToastMessageView.swift in Sources */ = {isa = PBXBuildFile; fileRef = 85EC405D2AC783EC00DA8BEC /* ToastMessageView.swift */; };
		85F04FFB2ABCA65C009CB1BB /* ComputerImageView.swift in Sources */ = {isa = PBXBuildFile; fileRef = 85F04FFA2ABCA65C009CB1BB /* ComputerImageView.swift */; };
		85F050052ABCACD7009CB1BB /* SizeExtension.swift in Sources */ = {isa = PBXBuildFile; fileRef = 85F050042ABCACD6009CB1BB /* SizeExtension.swift */; };
		85F050082ABCAEA8009CB1BB /* ProductModel.swift in Sources */ = {isa = PBXBuildFile; fileRef = 85F050072ABCAEA8009CB1BB /* ProductModel.swift */; };
		85F0500A2ABCAFA0009CB1BB /* HomeViewModel.swift in Sources */ = {isa = PBXBuildFile; fileRef = 85F050092ABCAFA0009CB1BB /* HomeViewModel.swift */; };
		85F0500D2ABCB0F4009CB1BB /* HomeService.swift in Sources */ = {isa = PBXBuildFile; fileRef = 85F0500C2ABCB0F4009CB1BB /* HomeService.swift */; };
		85F6101A2ABE475C00DDB11E /* HttpRequestEnum.swift in Sources */ = {isa = PBXBuildFile; fileRef = 85F610192ABE475C00DDB11E /* HttpRequestEnum.swift */; };
/* End PBXBuildFile section */

/* Begin PBXFileReference section */
		8517E83E2ACA1AFB001B162C /* LocaleKeys.swift */ = {isa = PBXFileReference; lastKnownFileType = sourcecode.swift; path = LocaleKeys.swift; sourceTree = "<group>"; };
		8517E8412ACA1DE2001B162C /* en */ = {isa = PBXFileReference; lastKnownFileType = text.plist.strings; name = en; path = en.lproj/Localizable.strings; sourceTree = "<group>"; };
		8517E8432ACA1DF9001B162C /* tr */ = {isa = PBXFileReference; lastKnownFileType = text.plist.strings; name = tr; path = tr.lproj/Localizable.strings; sourceTree = "<group>"; };
		856CFE8F2AC76519001798B2 /* UserModel.swift */ = {isa = PBXFileReference; lastKnownFileType = sourcecode.swift; path = UserModel.swift; sourceTree = "<group>"; };
		856CFE912AC76BFC001798B2 /* RegisterService.swift */ = {isa = PBXFileReference; lastKnownFileType = sourcecode.swift; path = RegisterService.swift; sourceTree = "<group>"; };
		856CFE932AC76C06001798B2 /* RegisterView.swift */ = {isa = PBXFileReference; lastKnownFileType = sourcecode.swift; path = RegisterView.swift; sourceTree = "<group>"; };
		856CFE952AC76C15001798B2 /* RegisterViewModel.swift */ = {isa = PBXFileReference; lastKnownFileType = sourcecode.swift; path = RegisterViewModel.swift; sourceTree = "<group>"; };
		856CFE972AC76C22001798B2 /* ProfileViewModel.swift */ = {isa = PBXFileReference; lastKnownFileType = sourcecode.swift; path = ProfileViewModel.swift; sourceTree = "<group>"; };
		856CFE992AC76C2D001798B2 /* ProfileView.swift */ = {isa = PBXFileReference; lastKnownFileType = sourcecode.swift; path = ProfileView.swift; sourceTree = "<group>"; };
		856CFE9F2AC76C89001798B2 /* LoginViewModel.swift */ = {isa = PBXFileReference; lastKnownFileType = sourcecode.swift; path = LoginViewModel.swift; sourceTree = "<group>"; };
		856CFEA12AC76C8F001798B2 /* LoginView.swift */ = {isa = PBXFileReference; lastKnownFileType = sourcecode.swift; path = LoginView.swift; sourceTree = "<group>"; };
		856CFEA32AC76C98001798B2 /* LoginService.swift */ = {isa = PBXFileReference; lastKnownFileType = sourcecode.swift; path = LoginService.swift; sourceTree = "<group>"; };
		856CFEA62AC76CE0001798B2 /* ProfileService.swift */ = {isa = PBXFileReference; lastKnownFileType = sourcecode.swift; path = ProfileService.swift; sourceTree = "<group>"; };
		858416832AC433BE0098EDB8 /* HttpPathsEnum.swift */ = {isa = PBXFileReference; lastKnownFileType = sourcecode.swift; path = HttpPathsEnum.swift; sourceTree = "<group>"; };
		859171082ABDDA890023DEDB /* CartProductModel.swift */ = {isa = PBXFileReference; lastKnownFileType = sourcecode.swift; path = CartProductModel.swift; sourceTree = "<group>"; };
		85D8071B2AC8ABFC00E54AD4 /* GoogleService-Info.plist */ = {isa = PBXFileReference; fileEncoding = 4; lastKnownFileType = text.plist.xml; path = "GoogleService-Info.plist"; sourceTree = "<group>"; };
		85D8071F2AC8BD0700E54AD4 /* AuthErrorEnum.swift */ = {isa = PBXFileReference; lastKnownFileType = sourcecode.swift; path = AuthErrorEnum.swift; sourceTree = "<group>"; };
		85D807212AC8BD1300E54AD4 /* NetworkErrorEnum.swift */ = {isa = PBXFileReference; lastKnownFileType = sourcecode.swift; path = NetworkErrorEnum.swift; sourceTree = "<group>"; };
		85E7723E2ABB97B2001DA5A1 /* ComputerStore.app */ = {isa = PBXFileReference; explicitFileType = wrapper.application; includeInIndex = 0; path = ComputerStore.app; sourceTree = BUILT_PRODUCTS_DIR; };
		85E772412ABB97B2001DA5A1 /* ComputerStoreApp.swift */ = {isa = PBXFileReference; lastKnownFileType = sourcecode.swift; path = ComputerStoreApp.swift; sourceTree = "<group>"; };
		85E772432ABB97B2001DA5A1 /* HomeView.swift */ = {isa = PBXFileReference; lastKnownFileType = sourcecode.swift; path = HomeView.swift; sourceTree = "<group>"; };
		85E772452ABB97B3001DA5A1 /* Assets.xcassets */ = {isa = PBXFileReference; lastKnownFileType = folder.assetcatalog; path = Assets.xcassets; sourceTree = "<group>"; };
		85E772482ABB97B3001DA5A1 /* Preview Assets.xcassets */ = {isa = PBXFileReference; lastKnownFileType = folder.assetcatalog; path = "Preview Assets.xcassets"; sourceTree = "<group>"; };
		85EC405D2AC783EC00DA8BEC /* ToastMessageView.swift */ = {isa = PBXFileReference; lastKnownFileType = sourcecode.swift; path = ToastMessageView.swift; sourceTree = "<group>"; };
		85F04FFA2ABCA65C009CB1BB /* ComputerImageView.swift */ = {isa = PBXFileReference; lastKnownFileType = sourcecode.swift; path = ComputerImageView.swift; sourceTree = "<group>"; };
		85F050042ABCACD6009CB1BB /* SizeExtension.swift */ = {isa = PBXFileReference; lastKnownFileType = sourcecode.swift; path = SizeExtension.swift; sourceTree = "<group>"; };
		85F050072ABCAEA8009CB1BB /* ProductModel.swift */ = {isa = PBXFileReference; lastKnownFileType = sourcecode.swift; path = ProductModel.swift; sourceTree = "<group>"; };
		85F050092ABCAFA0009CB1BB /* HomeViewModel.swift */ = {isa = PBXFileReference; lastKnownFileType = sourcecode.swift; path = HomeViewModel.swift; sourceTree = "<group>"; };
		85F0500C2ABCB0F4009CB1BB /* HomeService.swift */ = {isa = PBXFileReference; lastKnownFileType = sourcecode.swift; path = HomeService.swift; sourceTree = "<group>"; };
		85F610192ABE475C00DDB11E /* HttpRequestEnum.swift */ = {isa = PBXFileReference; lastKnownFileType = sourcecode.swift; path = HttpRequestEnum.swift; sourceTree = "<group>"; };
/* End PBXFileReference section */

/* Begin PBXFrameworksBuildPhase section */
		85E7723B2ABB97B2001DA5A1 /* Frameworks */ = {
			isa = PBXFrameworksBuildPhase;
			buildActionMask = 2147483647;
			files = (
				85EC40522AC77DC800DA8BEC /* FirebaseMessaging in Frameworks */,
				858416822AC42CC60098EDB8 /* Kingfisher in Frameworks */,
				85EC40442AC77DC700DA8BEC /* FirebaseFirestoreSwift in Frameworks */,
				85EC402E2AC77DC700DA8BEC /* FirebaseAnalyticsWithoutAdIdSupport in Frameworks */,
				85EC40462AC77DC700DA8BEC /* FirebaseFunctions in Frameworks */,
				858416872AC435340098EDB8 /* Alamofire in Frameworks */,
				85EC40282AC77DC700DA8BEC /* FirebaseAnalytics in Frameworks */,
				85EC40342AC77DC700DA8BEC /* FirebaseAuth in Frameworks */,
				85EC403E2AC77DC700DA8BEC /* FirebaseDynamicLinks in Frameworks */,
				85EC40382AC77DC700DA8BEC /* FirebaseCrashlytics in Frameworks */,
				85EC40502AC77DC700DA8BEC /* FirebaseMLModelDownloader in Frameworks */,
				85EC403C2AC77DC700DA8BEC /* FirebaseDatabaseSwift in Frameworks */,
				85EC40402AC77DC700DA8BEC /* FirebaseFirestore in Frameworks */,
				85EC404E2AC77DC700DA8BEC /* FirebaseInstallations in Frameworks */,
				85EC40482AC77DC700DA8BEC /* FirebaseFunctionsCombine-Community in Frameworks */,
				85EC40422AC77DC700DA8BEC /* FirebaseFirestoreCombine-Community in Frameworks */,
				85EC403A2AC77DC700DA8BEC /* FirebaseDatabase in Frameworks */,
				85EC40542AC77DC800DA8BEC /* FirebasePerformance in Frameworks */,
				85EC40302AC77DC700DA8BEC /* FirebaseAppCheck in Frameworks */,
				85EC402A2AC77DC700DA8BEC /* FirebaseAnalyticsOnDeviceConversion in Frameworks */,
				85EC404C2AC77DC700DA8BEC /* FirebaseInAppMessagingSwift-Beta in Frameworks */,
				85EC40582AC77DC800DA8BEC /* FirebaseRemoteConfigSwift in Frameworks */,
				85EC402C2AC77DC700DA8BEC /* FirebaseAnalyticsSwift in Frameworks */,
				85EC40322AC77DC700DA8BEC /* FirebaseAppDistribution-Beta in Frameworks */,
				85EC40562AC77DC800DA8BEC /* FirebaseRemoteConfig in Frameworks */,
				85EC405A2AC77DC800DA8BEC /* FirebaseStorage in Frameworks */,
				85DCD8362ACAC8D8007B9A98 /* LanguageManagerSwiftUI in Frameworks */,
				85EC40362AC77DC700DA8BEC /* FirebaseAuthCombine-Community in Frameworks */,
				85EC405C2AC77DC800DA8BEC /* FirebaseStorageCombine-Community in Frameworks */,
				85EC404A2AC77DC700DA8BEC /* FirebaseInAppMessaging-Beta in Frameworks */,
			);
			runOnlyForDeploymentPostprocessing = 0;
		};
/* End PBXFrameworksBuildPhase section */

/* Begin PBXGroup section */
		8517E83B2ACA1A6F001B162C /* Locale */ = {
			isa = PBXGroup;
			children = (
				8517E8422ACA1DE2001B162C /* Localizable.strings */,
				8517E83E2ACA1AFB001B162C /* LocaleKeys.swift */,
			);
			path = Locale;
			sourceTree = "<group>";
		};
		856CFE832AC763F1001798B2 /* Register */ = {
			isa = PBXGroup;
			children = (
				856CFE872AC7640F001798B2 /* Service */,
				856CFE862AC7640A001798B2 /* View */,
				856CFE852AC76406001798B2 /* ViewModel */,
			);
			path = Register;
			sourceTree = "<group>";
		};
		856CFE852AC76406001798B2 /* ViewModel */ = {
			isa = PBXGroup;
			children = (
				856CFE952AC76C15001798B2 /* RegisterViewModel.swift */,
			);
			path = ViewModel;
			sourceTree = "<group>";
		};
		856CFE862AC7640A001798B2 /* View */ = {
			isa = PBXGroup;
			children = (
				856CFE932AC76C06001798B2 /* RegisterView.swift */,
			);
			path = View;
			sourceTree = "<group>";
		};
		856CFE872AC7640F001798B2 /* Service */ = {
			isa = PBXGroup;
			children = (
				856CFE912AC76BFC001798B2 /* RegisterService.swift */,
			);
			path = Service;
			sourceTree = "<group>";
		};
		856CFE8A2AC7643E001798B2 /* Profile */ = {
			isa = PBXGroup;
			children = (
				856CFEA52AC76CD5001798B2 /* Service */,
				856CFE8D2AC76476001798B2 /* ViewModel */,
				856CFE8C2AC76472001798B2 /* View */,
				856CFE8B2AC7646E001798B2 /* Model */,
			);
			path = Profile;
			sourceTree = "<group>";
		};
		856CFE8B2AC7646E001798B2 /* Model */ = {
			isa = PBXGroup;
			children = (
				856CFE8F2AC76519001798B2 /* UserModel.swift */,
			);
			path = Model;
			sourceTree = "<group>";
		};
		856CFE8C2AC76472001798B2 /* View */ = {
			isa = PBXGroup;
			children = (
				856CFE992AC76C2D001798B2 /* ProfileView.swift */,
			);
			path = View;
			sourceTree = "<group>";
		};
		856CFE8D2AC76476001798B2 /* ViewModel */ = {
			isa = PBXGroup;
			children = (
				856CFE972AC76C22001798B2 /* ProfileViewModel.swift */,
			);
			path = ViewModel;
			sourceTree = "<group>";
		};
		856CFE9B2AC76C41001798B2 /* Login */ = {
			isa = PBXGroup;
			children = (
				856CFE9E2AC76C56001798B2 /* Service */,
				856CFE9D2AC76C52001798B2 /* View */,
				856CFE9C2AC76C4D001798B2 /* ViewModel */,
			);
			path = Login;
			sourceTree = "<group>";
		};
		856CFE9C2AC76C4D001798B2 /* ViewModel */ = {
			isa = PBXGroup;
			children = (
				856CFE9F2AC76C89001798B2 /* LoginViewModel.swift */,
			);
			path = ViewModel;
			sourceTree = "<group>";
		};
		856CFE9D2AC76C52001798B2 /* View */ = {
			isa = PBXGroup;
			children = (
				856CFEA12AC76C8F001798B2 /* LoginView.swift */,
			);
			path = View;
			sourceTree = "<group>";
		};
		856CFE9E2AC76C56001798B2 /* Service */ = {
			isa = PBXGroup;
			children = (
				856CFEA32AC76C98001798B2 /* LoginService.swift */,
			);
			path = Service;
			sourceTree = "<group>";
		};
		856CFEA52AC76CD5001798B2 /* Service */ = {
			isa = PBXGroup;
			children = (
				856CFEA62AC76CE0001798B2 /* ProfileService.swift */,
			);
			path = Service;
			sourceTree = "<group>";
		};
		85774D332AC5A6A500494482 /* Components */ = {
			isa = PBXGroup;
			children = (
				85F04FFA2ABCA65C009CB1BB /* ComputerImageView.swift */,
				85EC405D2AC783EC00DA8BEC /* ToastMessageView.swift */,
			);
			path = Components;
			sourceTree = "<group>";
		};
		85D1305B2ABB98380038D2F0 /* ViewModel */ = {
			isa = PBXGroup;
			children = (
				85F050092ABCAFA0009CB1BB /* HomeViewModel.swift */,
			);
			path = ViewModel;
			sourceTree = "<group>";
		};
		85D1305C2ABB98410038D2F0 /* View */ = {
			isa = PBXGroup;
			children = (
				85E772432ABB97B2001DA5A1 /* HomeView.swift */,
			);
			path = View;
			sourceTree = "<group>";
		};
		85D1305D2ABB98460038D2F0 /* Model */ = {
			isa = PBXGroup;
			children = (
				85F050072ABCAEA8009CB1BB /* ProductModel.swift */,
				859171082ABDDA890023DEDB /* CartProductModel.swift */,
			);
			path = Model;
			sourceTree = "<group>";
		};
		85E772352ABB97B2001DA5A1 = {
			isa = PBXGroup;
			children = (
				85E772402ABB97B2001DA5A1 /* ComputerStore */,
				85E7723F2ABB97B2001DA5A1 /* Products */,
			);
			sourceTree = "<group>";
		};
		85E7723F2ABB97B2001DA5A1 /* Products */ = {
			isa = PBXGroup;
			children = (
				85E7723E2ABB97B2001DA5A1 /* ComputerStore.app */,
			);
			name = Products;
			sourceTree = "<group>";
		};
		85E772402ABB97B2001DA5A1 /* ComputerStore */ = {
			isa = PBXGroup;
			children = (
				8517E83B2ACA1A6F001B162C /* Locale */,
				85D8071B2AC8ABFC00E54AD4 /* GoogleService-Info.plist */,
				85F050022ABCA915009CB1BB /* Core */,
				85F050002ABCA8E4009CB1BB /* Features */,
				85E772412ABB97B2001DA5A1 /* ComputerStoreApp.swift */,
				85E772452ABB97B3001DA5A1 /* Assets.xcassets */,
				85E772472ABB97B3001DA5A1 /* Preview Content */,
			);
			path = ComputerStore;
			sourceTree = "<group>";
		};
		85E772472ABB97B3001DA5A1 /* Preview Content */ = {
			isa = PBXGroup;
			children = (
				85E772482ABB97B3001DA5A1 /* Preview Assets.xcassets */,
			);
			path = "Preview Content";
			sourceTree = "<group>";
		};
		85F04FFC2ABCA6B3009CB1BB /* Service */ = {
			isa = PBXGroup;
			children = (
				85F0500C2ABCB0F4009CB1BB /* HomeService.swift */,
			);
			path = Service;
			sourceTree = "<group>";
		};
		85F050002ABCA8E4009CB1BB /* Features */ = {
			isa = PBXGroup;
			children = (
				856CFE9B2AC76C41001798B2 /* Login */,
				856CFE8A2AC7643E001798B2 /* Profile */,
				856CFE832AC763F1001798B2 /* Register */,
				85F050012ABCA8F3009CB1BB /* Home */,
			);
			path = Features;
			sourceTree = "<group>";
		};
		85F050012ABCA8F3009CB1BB /* Home */ = {
			isa = PBXGroup;
			children = (
				85F04FFC2ABCA6B3009CB1BB /* Service */,
				85D1305B2ABB98380038D2F0 /* ViewModel */,
				85D1305C2ABB98410038D2F0 /* View */,
				85D1305D2ABB98460038D2F0 /* Model */,
			);
			path = Home;
			sourceTree = "<group>";
		};
		85F050022ABCA915009CB1BB /* Core */ = {
			isa = PBXGroup;
			children = (
				85774D332AC5A6A500494482 /* Components */,
				85F050102ABCB1EB009CB1BB /* Enums */,
				85F050062ABCACE5009CB1BB /* Extensions */,
			);
			path = Core;
			sourceTree = "<group>";
		};
		85F050062ABCACE5009CB1BB /* Extensions */ = {
			isa = PBXGroup;
			children = (
				85F050042ABCACD6009CB1BB /* SizeExtension.swift */,
			);
			path = Extensions;
			sourceTree = "<group>";
		};
		85F050102ABCB1EB009CB1BB /* Enums */ = {
			isa = PBXGroup;
			children = (
				85F610192ABE475C00DDB11E /* HttpRequestEnum.swift */,
				858416832AC433BE0098EDB8 /* HttpPathsEnum.swift */,
				85D8071F2AC8BD0700E54AD4 /* AuthErrorEnum.swift */,
				85D807212AC8BD1300E54AD4 /* NetworkErrorEnum.swift */,
			);
			path = Enums;
			sourceTree = "<group>";
		};
/* End PBXGroup section */

/* Begin PBXNativeTarget section */
		85E7723D2ABB97B2001DA5A1 /* ComputerStore */ = {
			isa = PBXNativeTarget;
			buildConfigurationList = 85E7724C2ABB97B3001DA5A1 /* Build configuration list for PBXNativeTarget "ComputerStore" */;
			buildPhases = (
				85E7723A2ABB97B2001DA5A1 /* Sources */,
				85E7723B2ABB97B2001DA5A1 /* Frameworks */,
				85E7723C2ABB97B2001DA5A1 /* Resources */,
			);
			buildRules = (
			);
			dependencies = (
			);
			name = ComputerStore;
			packageProductDependencies = (
				858416812AC42CC60098EDB8 /* Kingfisher */,
				858416862AC435340098EDB8 /* Alamofire */,
				85EC40272AC77DC700DA8BEC /* FirebaseAnalytics */,
				85EC40292AC77DC700DA8BEC /* FirebaseAnalyticsOnDeviceConversion */,
				85EC402B2AC77DC700DA8BEC /* FirebaseAnalyticsSwift */,
				85EC402D2AC77DC700DA8BEC /* FirebaseAnalyticsWithoutAdIdSupport */,
				85EC402F2AC77DC700DA8BEC /* FirebaseAppCheck */,
				85EC40312AC77DC700DA8BEC /* FirebaseAppDistribution-Beta */,
				85EC40332AC77DC700DA8BEC /* FirebaseAuth */,
				85EC40352AC77DC700DA8BEC /* FirebaseAuthCombine-Community */,
				85EC40372AC77DC700DA8BEC /* FirebaseCrashlytics */,
				85EC40392AC77DC700DA8BEC /* FirebaseDatabase */,
				85EC403B2AC77DC700DA8BEC /* FirebaseDatabaseSwift */,
				85EC403D2AC77DC700DA8BEC /* FirebaseDynamicLinks */,
				85EC403F2AC77DC700DA8BEC /* FirebaseFirestore */,
				85EC40412AC77DC700DA8BEC /* FirebaseFirestoreCombine-Community */,
				85EC40432AC77DC700DA8BEC /* FirebaseFirestoreSwift */,
				85EC40452AC77DC700DA8BEC /* FirebaseFunctions */,
				85EC40472AC77DC700DA8BEC /* FirebaseFunctionsCombine-Community */,
				85EC40492AC77DC700DA8BEC /* FirebaseInAppMessaging-Beta */,
				85EC404B2AC77DC700DA8BEC /* FirebaseInAppMessagingSwift-Beta */,
				85EC404D2AC77DC700DA8BEC /* FirebaseInstallations */,
				85EC404F2AC77DC700DA8BEC /* FirebaseMLModelDownloader */,
				85EC40512AC77DC800DA8BEC /* FirebaseMessaging */,
				85EC40532AC77DC800DA8BEC /* FirebasePerformance */,
				85EC40552AC77DC800DA8BEC /* FirebaseRemoteConfig */,
				85EC40572AC77DC800DA8BEC /* FirebaseRemoteConfigSwift */,
				85EC40592AC77DC800DA8BEC /* FirebaseStorage */,
				85EC405B2AC77DC800DA8BEC /* FirebaseStorageCombine-Community */,
				85DCD8352ACAC8D8007B9A98 /* LanguageManagerSwiftUI */,
			);
			productName = ComputerStore;
			productReference = 85E7723E2ABB97B2001DA5A1 /* ComputerStore.app */;
			productType = "com.apple.product-type.application";
		};
/* End PBXNativeTarget section */

/* Begin PBXProject section */
		85E772362ABB97B2001DA5A1 /* Project object */ = {
			isa = PBXProject;
			attributes = {
				BuildIndependentTargetsInParallel = 1;
				LastSwiftUpdateCheck = 1500;
				LastUpgradeCheck = 1500;
				TargetAttributes = {
					85E7723D2ABB97B2001DA5A1 = {
						CreatedOnToolsVersion = 15.0;
					};
				};
			};
			buildConfigurationList = 85E772392ABB97B2001DA5A1 /* Build configuration list for PBXProject "ComputerStore" */;
			compatibilityVersion = "Xcode 14.0";
			developmentRegion = en;
			hasScannedForEncodings = 0;
			knownRegions = (
				en,
				Base,
				tr,
			);
			mainGroup = 85E772352ABB97B2001DA5A1;
			packageReferences = (
				858416802AC42CC60098EDB8 /* XCRemoteSwiftPackageReference "Kingfisher" */,
				858416852AC435340098EDB8 /* XCRemoteSwiftPackageReference "Alamofire" */,
				85EC40262AC77DC700DA8BEC /* XCRemoteSwiftPackageReference "firebase-ios-sdk" */,
				85DCD8342ACAC8D8007B9A98 /* XCRemoteSwiftPackageReference "LanguageManager-SwiftUI" */,
			);
			productRefGroup = 85E7723F2ABB97B2001DA5A1 /* Products */;
			projectDirPath = "";
			projectRoot = "";
			targets = (
				85E7723D2ABB97B2001DA5A1 /* ComputerStore */,
			);
		};
/* End PBXProject section */

/* Begin PBXResourcesBuildPhase section */
		85E7723C2ABB97B2001DA5A1 /* Resources */ = {
			isa = PBXResourcesBuildPhase;
			buildActionMask = 2147483647;
			files = (
				85E772492ABB97B3001DA5A1 /* Preview Assets.xcassets in Resources */,
				8517E8402ACA1DE2001B162C /* Localizable.strings in Resources */,
				85E772462ABB97B3001DA5A1 /* Assets.xcassets in Resources */,
				85D8071C2AC8ABFD00E54AD4 /* GoogleService-Info.plist in Resources */,
			);
			runOnlyForDeploymentPostprocessing = 0;
		};
/* End PBXResourcesBuildPhase section */

/* Begin PBXSourcesBuildPhase section */
		85E7723A2ABB97B2001DA5A1 /* Sources */ = {
			isa = PBXSourcesBuildPhase;
			buildActionMask = 2147483647;
			files = (
				85F050052ABCACD7009CB1BB /* SizeExtension.swift in Sources */,
				85F04FFB2ABCA65C009CB1BB /* ComputerImageView.swift in Sources */,
				856CFE962AC76C15001798B2 /* RegisterViewModel.swift in Sources */,
				85F0500A2ABCAFA0009CB1BB /* HomeViewModel.swift in Sources */,
				85E772442ABB97B2001DA5A1 /* HomeView.swift in Sources */,
				856CFE902AC76519001798B2 /* UserModel.swift in Sources */,
				856CFE942AC76C06001798B2 /* RegisterView.swift in Sources */,
				85D807202AC8BD0700E54AD4 /* AuthErrorEnum.swift in Sources */,
				85F6101A2ABE475C00DDB11E /* HttpRequestEnum.swift in Sources */,
				8517E83F2ACA1AFB001B162C /* LocaleKeys.swift in Sources */,
				859171092ABDDA890023DEDB /* CartProductModel.swift in Sources */,
				85D807222AC8BD1300E54AD4 /* NetworkErrorEnum.swift in Sources */,
				85EC405E2AC783EC00DA8BEC /* ToastMessageView.swift in Sources */,
				856CFE9A2AC76C2D001798B2 /* ProfileView.swift in Sources */,
				85E772422ABB97B2001DA5A1 /* ComputerStoreApp.swift in Sources */,
				858416842AC433BE0098EDB8 /* HttpPathsEnum.swift in Sources */,
				856CFEA42AC76C98001798B2 /* LoginService.swift in Sources */,
				85F0500D2ABCB0F4009CB1BB /* HomeService.swift in Sources */,
				856CFE982AC76C22001798B2 /* ProfileViewModel.swift in Sources */,
				856CFE922AC76BFC001798B2 /* RegisterService.swift in Sources */,
				856CFEA02AC76C89001798B2 /* LoginViewModel.swift in Sources */,
				856CFEA22AC76C8F001798B2 /* LoginView.swift in Sources */,
				85F050082ABCAEA8009CB1BB /* ProductModel.swift in Sources */,
				856CFEA72AC76CE0001798B2 /* ProfileService.swift in Sources */,
			);
			runOnlyForDeploymentPostprocessing = 0;
		};
/* End PBXSourcesBuildPhase section */

/* Begin PBXVariantGroup section */
		8517E8422ACA1DE2001B162C /* Localizable.strings */ = {
			isa = PBXVariantGroup;
			children = (
				8517E8412ACA1DE2001B162C /* en */,
				8517E8432ACA1DF9001B162C /* tr */,
			);
			name = Localizable.strings;
			sourceTree = "<group>";
		};
/* End PBXVariantGroup section */

/* Begin XCBuildConfiguration section */
		85E7724A2ABB97B3001DA5A1 /* Debug */ = {
			isa = XCBuildConfiguration;
			buildSettings = {
				ALWAYS_SEARCH_USER_PATHS = NO;
				ASSETCATALOG_COMPILER_GENERATE_SWIFT_ASSET_SYMBOL_EXTENSIONS = YES;
				CLANG_ANALYZER_NONNULL = YES;
				CLANG_ANALYZER_NUMBER_OBJECT_CONVERSION = YES_AGGRESSIVE;
				CLANG_CXX_LANGUAGE_STANDARD = "gnu++20";
				CLANG_ENABLE_MODULES = YES;
				CLANG_ENABLE_OBJC_ARC = YES;
				CLANG_ENABLE_OBJC_WEAK = YES;
				CLANG_WARN_BLOCK_CAPTURE_AUTORELEASING = YES;
				CLANG_WARN_BOOL_CONVERSION = YES;
				CLANG_WARN_COMMA = YES;
				CLANG_WARN_CONSTANT_CONVERSION = YES;
				CLANG_WARN_DEPRECATED_OBJC_IMPLEMENTATIONS = YES;
				CLANG_WARN_DIRECT_OBJC_ISA_USAGE = YES_ERROR;
				CLANG_WARN_DOCUMENTATION_COMMENTS = YES;
				CLANG_WARN_EMPTY_BODY = YES;
				CLANG_WARN_ENUM_CONVERSION = YES;
				CLANG_WARN_INFINITE_RECURSION = YES;
				CLANG_WARN_INT_CONVERSION = YES;
				CLANG_WARN_NON_LITERAL_NULL_CONVERSION = YES;
				CLANG_WARN_OBJC_IMPLICIT_RETAIN_SELF = YES;
				CLANG_WARN_OBJC_LITERAL_CONVERSION = YES;
				CLANG_WARN_OBJC_ROOT_CLASS = YES_ERROR;
				CLANG_WARN_QUOTED_INCLUDE_IN_FRAMEWORK_HEADER = YES;
				CLANG_WARN_RANGE_LOOP_ANALYSIS = YES;
				CLANG_WARN_STRICT_PROTOTYPES = YES;
				CLANG_WARN_SUSPICIOUS_MOVE = YES;
				CLANG_WARN_UNGUARDED_AVAILABILITY = YES_AGGRESSIVE;
				CLANG_WARN_UNREACHABLE_CODE = YES;
				CLANG_WARN__DUPLICATE_METHOD_MATCH = YES;
				COPY_PHASE_STRIP = NO;
				DEBUG_INFORMATION_FORMAT = dwarf;
				ENABLE_STRICT_OBJC_MSGSEND = YES;
				ENABLE_TESTABILITY = YES;
				ENABLE_USER_SCRIPT_SANDBOXING = YES;
				GCC_C_LANGUAGE_STANDARD = gnu17;
				GCC_DYNAMIC_NO_PIC = NO;
				GCC_NO_COMMON_BLOCKS = YES;
				GCC_OPTIMIZATION_LEVEL = 0;
				GCC_PREPROCESSOR_DEFINITIONS = (
					"DEBUG=1",
					"$(inherited)",
				);
				GCC_WARN_64_TO_32_BIT_CONVERSION = YES;
				GCC_WARN_ABOUT_RETURN_TYPE = YES_ERROR;
				GCC_WARN_UNDECLARED_SELECTOR = YES;
				GCC_WARN_UNINITIALIZED_AUTOS = YES_AGGRESSIVE;
				GCC_WARN_UNUSED_FUNCTION = YES;
				GCC_WARN_UNUSED_VARIABLE = YES;
				IPHONEOS_DEPLOYMENT_TARGET = 17.0;
				LOCALIZATION_PREFERS_STRING_CATALOGS = YES;
				MTL_ENABLE_DEBUG_INFO = INCLUDE_SOURCE;
				MTL_FAST_MATH = YES;
				ONLY_ACTIVE_ARCH = YES;
				SDKROOT = iphoneos;
				SWIFT_ACTIVE_COMPILATION_CONDITIONS = "DEBUG $(inherited)";
				SWIFT_OPTIMIZATION_LEVEL = "-Onone";
			};
			name = Debug;
		};
		85E7724B2ABB97B3001DA5A1 /* Release */ = {
			isa = XCBuildConfiguration;
			buildSettings = {
				ALWAYS_SEARCH_USER_PATHS = NO;
				ASSETCATALOG_COMPILER_GENERATE_SWIFT_ASSET_SYMBOL_EXTENSIONS = YES;
				CLANG_ANALYZER_NONNULL = YES;
				CLANG_ANALYZER_NUMBER_OBJECT_CONVERSION = YES_AGGRESSIVE;
				CLANG_CXX_LANGUAGE_STANDARD = "gnu++20";
				CLANG_ENABLE_MODULES = YES;
				CLANG_ENABLE_OBJC_ARC = YES;
				CLANG_ENABLE_OBJC_WEAK = YES;
				CLANG_WARN_BLOCK_CAPTURE_AUTORELEASING = YES;
				CLANG_WARN_BOOL_CONVERSION = YES;
				CLANG_WARN_COMMA = YES;
				CLANG_WARN_CONSTANT_CONVERSION = YES;
				CLANG_WARN_DEPRECATED_OBJC_IMPLEMENTATIONS = YES;
				CLANG_WARN_DIRECT_OBJC_ISA_USAGE = YES_ERROR;
				CLANG_WARN_DOCUMENTATION_COMMENTS = YES;
				CLANG_WARN_EMPTY_BODY = YES;
				CLANG_WARN_ENUM_CONVERSION = YES;
				CLANG_WARN_INFINITE_RECURSION = YES;
				CLANG_WARN_INT_CONVERSION = YES;
				CLANG_WARN_NON_LITERAL_NULL_CONVERSION = YES;
				CLANG_WARN_OBJC_IMPLICIT_RETAIN_SELF = YES;
				CLANG_WARN_OBJC_LITERAL_CONVERSION = YES;
				CLANG_WARN_OBJC_ROOT_CLASS = YES_ERROR;
				CLANG_WARN_QUOTED_INCLUDE_IN_FRAMEWORK_HEADER = YES;
				CLANG_WARN_RANGE_LOOP_ANALYSIS = YES;
				CLANG_WARN_STRICT_PROTOTYPES = YES;
				CLANG_WARN_SUSPICIOUS_MOVE = YES;
				CLANG_WARN_UNGUARDED_AVAILABILITY = YES_AGGRESSIVE;
				CLANG_WARN_UNREACHABLE_CODE = YES;
				CLANG_WARN__DUPLICATE_METHOD_MATCH = YES;
				COPY_PHASE_STRIP = NO;
				DEBUG_INFORMATION_FORMAT = "dwarf-with-dsym";
				ENABLE_NS_ASSERTIONS = NO;
				ENABLE_STRICT_OBJC_MSGSEND = YES;
				ENABLE_USER_SCRIPT_SANDBOXING = YES;
				GCC_C_LANGUAGE_STANDARD = gnu17;
				GCC_NO_COMMON_BLOCKS = YES;
				GCC_WARN_64_TO_32_BIT_CONVERSION = YES;
				GCC_WARN_ABOUT_RETURN_TYPE = YES_ERROR;
				GCC_WARN_UNDECLARED_SELECTOR = YES;
				GCC_WARN_UNINITIALIZED_AUTOS = YES_AGGRESSIVE;
				GCC_WARN_UNUSED_FUNCTION = YES;
				GCC_WARN_UNUSED_VARIABLE = YES;
				IPHONEOS_DEPLOYMENT_TARGET = 17.0;
				LOCALIZATION_PREFERS_STRING_CATALOGS = YES;
				MTL_ENABLE_DEBUG_INFO = NO;
				MTL_FAST_MATH = YES;
				SDKROOT = iphoneos;
				SWIFT_COMPILATION_MODE = wholemodule;
				VALIDATE_PRODUCT = YES;
			};
			name = Release;
		};
		85E7724D2ABB97B3001DA5A1 /* Debug */ = {
			isa = XCBuildConfiguration;
			buildSettings = {
				ASSETCATALOG_COMPILER_APPICON_NAME = AppIcon;
				ASSETCATALOG_COMPILER_GLOBAL_ACCENT_COLOR_NAME = AccentColor;
				CODE_SIGN_STYLE = Automatic;
				CURRENT_PROJECT_VERSION = 1;
				DEVELOPMENT_ASSET_PATHS = "\"ComputerStore/Preview Content\"";
				DEVELOPMENT_TEAM = 8N942344B3;
				ENABLE_PREVIEWS = YES;
				GENERATE_INFOPLIST_FILE = YES;
				INFOPLIST_KEY_UIApplicationSceneManifest_Generation = YES;
				INFOPLIST_KEY_UIApplicationSupportsIndirectInputEvents = YES;
				INFOPLIST_KEY_UILaunchScreen_Generation = YES;
				INFOPLIST_KEY_UISupportedInterfaceOrientations_iPad = "UIInterfaceOrientationPortrait UIInterfaceOrientationPortraitUpsideDown UIInterfaceOrientationLandscapeLeft UIInterfaceOrientationLandscapeRight";
				INFOPLIST_KEY_UISupportedInterfaceOrientations_iPhone = "UIInterfaceOrientationPortrait UIInterfaceOrientationLandscapeLeft UIInterfaceOrientationLandscapeRight";
				LD_RUNPATH_SEARCH_PATHS = (
					"$(inherited)",
					"@executable_path/Frameworks",
				);
				MARKETING_VERSION = 1.0;
				PRODUCT_BUNDLE_IDENTIFIER = com.mehmetozkan.ComputerStore;
				PRODUCT_NAME = "$(TARGET_NAME)";
				SWIFT_EMIT_LOC_STRINGS = YES;
				SWIFT_VERSION = 5.0;
				TARGETED_DEVICE_FAMILY = "1,2";
			};
			name = Debug;
		};
		85E7724E2ABB97B3001DA5A1 /* Release */ = {
			isa = XCBuildConfiguration;
			buildSettings = {
				ASSETCATALOG_COMPILER_APPICON_NAME = AppIcon;
				ASSETCATALOG_COMPILER_GLOBAL_ACCENT_COLOR_NAME = AccentColor;
				CODE_SIGN_STYLE = Automatic;
				CURRENT_PROJECT_VERSION = 1;
				DEVELOPMENT_ASSET_PATHS = "\"ComputerStore/Preview Content\"";
				DEVELOPMENT_TEAM = 8N942344B3;
				ENABLE_PREVIEWS = YES;
				GENERATE_INFOPLIST_FILE = YES;
				INFOPLIST_KEY_UIApplicationSceneManifest_Generation = YES;
				INFOPLIST_KEY_UIApplicationSupportsIndirectInputEvents = YES;
				INFOPLIST_KEY_UILaunchScreen_Generation = YES;
				INFOPLIST_KEY_UISupportedInterfaceOrientations_iPad = "UIInterfaceOrientationPortrait UIInterfaceOrientationPortraitUpsideDown UIInterfaceOrientationLandscapeLeft UIInterfaceOrientationLandscapeRight";
				INFOPLIST_KEY_UISupportedInterfaceOrientations_iPhone = "UIInterfaceOrientationPortrait UIInterfaceOrientationLandscapeLeft UIInterfaceOrientationLandscapeRight";
				LD_RUNPATH_SEARCH_PATHS = (
					"$(inherited)",
					"@executable_path/Frameworks",
				);
				MARKETING_VERSION = 1.0;
				PRODUCT_BUNDLE_IDENTIFIER = com.mehmetozkan.ComputerStore;
				PRODUCT_NAME = "$(TARGET_NAME)";
				SWIFT_EMIT_LOC_STRINGS = YES;
				SWIFT_VERSION = 5.0;
				TARGETED_DEVICE_FAMILY = "1,2";
			};
			name = Release;
		};
/* End XCBuildConfiguration section */

/* Begin XCConfigurationList section */
		85E772392ABB97B2001DA5A1 /* Build configuration list for PBXProject "ComputerStore" */ = {
			isa = XCConfigurationList;
			buildConfigurations = (
				85E7724A2ABB97B3001DA5A1 /* Debug */,
				85E7724B2ABB97B3001DA5A1 /* Release */,
			);
			defaultConfigurationIsVisible = 0;
			defaultConfigurationName = Release;
		};
		85E7724C2ABB97B3001DA5A1 /* Build configuration list for PBXNativeTarget "ComputerStore" */ = {
			isa = XCConfigurationList;
			buildConfigurations = (
				85E7724D2ABB97B3001DA5A1 /* Debug */,
				85E7724E2ABB97B3001DA5A1 /* Release */,
			);
			defaultConfigurationIsVisible = 0;
			defaultConfigurationName = Release;
		};
/* End XCConfigurationList section */

/* Begin XCRemoteSwiftPackageReference section */
		858416802AC42CC60098EDB8 /* XCRemoteSwiftPackageReference "Kingfisher" */ = {
			isa = XCRemoteSwiftPackageReference;
			repositoryURL = "https://github.com/onevcat/Kingfisher.git";
			requirement = {
				kind = upToNextMajorVersion;
				minimumVersion = 7.9.1;
			};
		};
		858416852AC435340098EDB8 /* XCRemoteSwiftPackageReference "Alamofire" */ = {
			isa = XCRemoteSwiftPackageReference;
			repositoryURL = "https://github.com/Alamofire/Alamofire.git";
			requirement = {
				kind = upToNextMajorVersion;
				minimumVersion = 5.8.0;
			};
		};
		85DCD8342ACAC8D8007B9A98 /* XCRemoteSwiftPackageReference "LanguageManager-SwiftUI" */ = {
			isa = XCRemoteSwiftPackageReference;
			repositoryURL = "https://github.com/Abedalkareem/LanguageManager-SwiftUI.git";
			requirement = {
				kind = upToNextMajorVersion;
				minimumVersion = 0.0.6;
			};
		};
		85EC40262AC77DC700DA8BEC /* XCRemoteSwiftPackageReference "firebase-ios-sdk" */ = {
			isa = XCRemoteSwiftPackageReference;
			repositoryURL = "https://github.com/firebase/firebase-ios-sdk.git";
			requirement = {
				kind = upToNextMajorVersion;
				minimumVersion = 10.15.0;
			};
		};
/* End XCRemoteSwiftPackageReference section */

/* Begin XCSwiftPackageProductDependency section */
		858416812AC42CC60098EDB8 /* Kingfisher */ = {
			isa = XCSwiftPackageProductDependency;
			package = 858416802AC42CC60098EDB8 /* XCRemoteSwiftPackageReference "Kingfisher" */;
			productName = Kingfisher;
		};
		858416862AC435340098EDB8 /* Alamofire */ = {
			isa = XCSwiftPackageProductDependency;
			package = 858416852AC435340098EDB8 /* XCRemoteSwiftPackageReference "Alamofire" */;
			productName = Alamofire;
		};
		85DCD8352ACAC8D8007B9A98 /* LanguageManagerSwiftUI */ = {
			isa = XCSwiftPackageProductDependency;
			package = 85DCD8342ACAC8D8007B9A98 /* XCRemoteSwiftPackageReference "LanguageManager-SwiftUI" */;
			productName = LanguageManagerSwiftUI;
		};
		85EC40272AC77DC700DA8BEC /* FirebaseAnalytics */ = {
			isa = XCSwiftPackageProductDependency;
			package = 85EC40262AC77DC700DA8BEC /* XCRemoteSwiftPackageReference "firebase-ios-sdk" */;
			productName = FirebaseAnalytics;
		};
		85EC40292AC77DC700DA8BEC /* FirebaseAnalyticsOnDeviceConversion */ = {
			isa = XCSwiftPackageProductDependency;
			package = 85EC40262AC77DC700DA8BEC /* XCRemoteSwiftPackageReference "firebase-ios-sdk" */;
			productName = FirebaseAnalyticsOnDeviceConversion;
		};
		85EC402B2AC77DC700DA8BEC /* FirebaseAnalyticsSwift */ = {
			isa = XCSwiftPackageProductDependency;
			package = 85EC40262AC77DC700DA8BEC /* XCRemoteSwiftPackageReference "firebase-ios-sdk" */;
			productName = FirebaseAnalyticsSwift;
		};
		85EC402D2AC77DC700DA8BEC /* FirebaseAnalyticsWithoutAdIdSupport */ = {
			isa = XCSwiftPackageProductDependency;
			package = 85EC40262AC77DC700DA8BEC /* XCRemoteSwiftPackageReference "firebase-ios-sdk" */;
			productName = FirebaseAnalyticsWithoutAdIdSupport;
		};
		85EC402F2AC77DC700DA8BEC /* FirebaseAppCheck */ = {
			isa = XCSwiftPackageProductDependency;
			package = 85EC40262AC77DC700DA8BEC /* XCRemoteSwiftPackageReference "firebase-ios-sdk" */;
			productName = FirebaseAppCheck;
		};
		85EC40312AC77DC700DA8BEC /* FirebaseAppDistribution-Beta */ = {
			isa = XCSwiftPackageProductDependency;
			package = 85EC40262AC77DC700DA8BEC /* XCRemoteSwiftPackageReference "firebase-ios-sdk" */;
			productName = "FirebaseAppDistribution-Beta";
		};
		85EC40332AC77DC700DA8BEC /* FirebaseAuth */ = {
			isa = XCSwiftPackageProductDependency;
			package = 85EC40262AC77DC700DA8BEC /* XCRemoteSwiftPackageReference "firebase-ios-sdk" */;
			productName = FirebaseAuth;
		};
		85EC40352AC77DC700DA8BEC /* FirebaseAuthCombine-Community */ = {
			isa = XCSwiftPackageProductDependency;
			package = 85EC40262AC77DC700DA8BEC /* XCRemoteSwiftPackageReference "firebase-ios-sdk" */;
			productName = "FirebaseAuthCombine-Community";
		};
		85EC40372AC77DC700DA8BEC /* FirebaseCrashlytics */ = {
			isa = XCSwiftPackageProductDependency;
			package = 85EC40262AC77DC700DA8BEC /* XCRemoteSwiftPackageReference "firebase-ios-sdk" */;
			productName = FirebaseCrashlytics;
		};
		85EC40392AC77DC700DA8BEC /* FirebaseDatabase */ = {
			isa = XCSwiftPackageProductDependency;
			package = 85EC40262AC77DC700DA8BEC /* XCRemoteSwiftPackageReference "firebase-ios-sdk" */;
			productName = FirebaseDatabase;
		};
		85EC403B2AC77DC700DA8BEC /* FirebaseDatabaseSwift */ = {
			isa = XCSwiftPackageProductDependency;
			package = 85EC40262AC77DC700DA8BEC /* XCRemoteSwiftPackageReference "firebase-ios-sdk" */;
			productName = FirebaseDatabaseSwift;
		};
		85EC403D2AC77DC700DA8BEC /* FirebaseDynamicLinks */ = {
			isa = XCSwiftPackageProductDependency;
			package = 85EC40262AC77DC700DA8BEC /* XCRemoteSwiftPackageReference "firebase-ios-sdk" */;
			productName = FirebaseDynamicLinks;
		};
		85EC403F2AC77DC700DA8BEC /* FirebaseFirestore */ = {
			isa = XCSwiftPackageProductDependency;
			package = 85EC40262AC77DC700DA8BEC /* XCRemoteSwiftPackageReference "firebase-ios-sdk" */;
			productName = FirebaseFirestore;
		};
		85EC40412AC77DC700DA8BEC /* FirebaseFirestoreCombine-Community */ = {
			isa = XCSwiftPackageProductDependency;
			package = 85EC40262AC77DC700DA8BEC /* XCRemoteSwiftPackageReference "firebase-ios-sdk" */;
			productName = "FirebaseFirestoreCombine-Community";
		};
		85EC40432AC77DC700DA8BEC /* FirebaseFirestoreSwift */ = {
			isa = XCSwiftPackageProductDependency;
			package = 85EC40262AC77DC700DA8BEC /* XCRemoteSwiftPackageReference "firebase-ios-sdk" */;
			productName = FirebaseFirestoreSwift;
		};
		85EC40452AC77DC700DA8BEC /* FirebaseFunctions */ = {
			isa = XCSwiftPackageProductDependency;
			package = 85EC40262AC77DC700DA8BEC /* XCRemoteSwiftPackageReference "firebase-ios-sdk" */;
			productName = FirebaseFunctions;
		};
		85EC40472AC77DC700DA8BEC /* FirebaseFunctionsCombine-Community */ = {
			isa = XCSwiftPackageProductDependency;
			package = 85EC40262AC77DC700DA8BEC /* XCRemoteSwiftPackageReference "firebase-ios-sdk" */;
			productName = "FirebaseFunctionsCombine-Community";
		};
		85EC40492AC77DC700DA8BEC /* FirebaseInAppMessaging-Beta */ = {
			isa = XCSwiftPackageProductDependency;
			package = 85EC40262AC77DC700DA8BEC /* XCRemoteSwiftPackageReference "firebase-ios-sdk" */;
			productName = "FirebaseInAppMessaging-Beta";
		};
		85EC404B2AC77DC700DA8BEC /* FirebaseInAppMessagingSwift-Beta */ = {
			isa = XCSwiftPackageProductDependency;
			package = 85EC40262AC77DC700DA8BEC /* XCRemoteSwiftPackageReference "firebase-ios-sdk" */;
			productName = "FirebaseInAppMessagingSwift-Beta";
		};
		85EC404D2AC77DC700DA8BEC /* FirebaseInstallations */ = {
			isa = XCSwiftPackageProductDependency;
			package = 85EC40262AC77DC700DA8BEC /* XCRemoteSwiftPackageReference "firebase-ios-sdk" */;
			productName = FirebaseInstallations;
		};
		85EC404F2AC77DC700DA8BEC /* FirebaseMLModelDownloader */ = {
			isa = XCSwiftPackageProductDependency;
			package = 85EC40262AC77DC700DA8BEC /* XCRemoteSwiftPackageReference "firebase-ios-sdk" */;
			productName = FirebaseMLModelDownloader;
		};
		85EC40512AC77DC800DA8BEC /* FirebaseMessaging */ = {
			isa = XCSwiftPackageProductDependency;
			package = 85EC40262AC77DC700DA8BEC /* XCRemoteSwiftPackageReference "firebase-ios-sdk" */;
			productName = FirebaseMessaging;
		};
		85EC40532AC77DC800DA8BEC /* FirebasePerformance */ = {
			isa = XCSwiftPackageProductDependency;
			package = 85EC40262AC77DC700DA8BEC /* XCRemoteSwiftPackageReference "firebase-ios-sdk" */;
			productName = FirebasePerformance;
		};
		85EC40552AC77DC800DA8BEC /* FirebaseRemoteConfig */ = {
			isa = XCSwiftPackageProductDependency;
			package = 85EC40262AC77DC700DA8BEC /* XCRemoteSwiftPackageReference "firebase-ios-sdk" */;
			productName = FirebaseRemoteConfig;
		};
		85EC40572AC77DC800DA8BEC /* FirebaseRemoteConfigSwift */ = {
			isa = XCSwiftPackageProductDependency;
			package = 85EC40262AC77DC700DA8BEC /* XCRemoteSwiftPackageReference "firebase-ios-sdk" */;
			productName = FirebaseRemoteConfigSwift;
		};
		85EC40592AC77DC800DA8BEC /* FirebaseStorage */ = {
			isa = XCSwiftPackageProductDependency;
			package = 85EC40262AC77DC700DA8BEC /* XCRemoteSwiftPackageReference "firebase-ios-sdk" */;
			productName = FirebaseStorage;
		};
		85EC405B2AC77DC800DA8BEC /* FirebaseStorageCombine-Community */ = {
			isa = XCSwiftPackageProductDependency;
			package = 85EC40262AC77DC700DA8BEC /* XCRemoteSwiftPackageReference "firebase-ios-sdk" */;
			productName = "FirebaseStorageCombine-Community";
		};
/* End XCSwiftPackageProductDependency section */
	};
	rootObject = 85E772362ABB97B2001DA5A1 /* Project object */;
}
