// !$*UTF8*$!
{
	archiveVersion = 1;
	classes = {
	};
	objectVersion = 56;
	objects = {

/* Begin PBXBuildFile section */
		858416822AC42CC60098EDB8 /* Kingfisher in Frameworks */ = {isa = PBXBuildFile; productRef = 858416812AC42CC60098EDB8 /* Kingfisher */; };
		858416842AC433BE0098EDB8 /* HttpPathsEnum.swift in Sources */ = {isa = PBXBuildFile; fileRef = 858416832AC433BE0098EDB8 /* HttpPathsEnum.swift */; };
		858416872AC435340098EDB8 /* Alamofire in Frameworks */ = {isa = PBXBuildFile; productRef = 858416862AC435340098EDB8 /* Alamofire */; };
		859171092ABDDA890023DEDB /* CartProductModel.swift in Sources */ = {isa = PBXBuildFile; fileRef = 859171082ABDDA890023DEDB /* CartProductModel.swift */; };
		85E772422ABB97B2001DA5A1 /* ComputerStoreApp.swift in Sources */ = {isa = PBXBuildFile; fileRef = 85E772412ABB97B2001DA5A1 /* ComputerStoreApp.swift */; };
		85E772442ABB97B2001DA5A1 /* HomeView.swift in Sources */ = {isa = PBXBuildFile; fileRef = 85E772432ABB97B2001DA5A1 /* HomeView.swift */; };
		85E772462ABB97B3001DA5A1 /* Assets.xcassets in Resources */ = {isa = PBXBuildFile; fileRef = 85E772452ABB97B3001DA5A1 /* Assets.xcassets */; };
		85E772492ABB97B3001DA5A1 /* Preview Assets.xcassets in Resources */ = {isa = PBXBuildFile; fileRef = 85E772482ABB97B3001DA5A1 /* Preview Assets.xcassets */; };
		85F04FFB2ABCA65C009CB1BB /* ComputerImageView.swift in Sources */ = {isa = PBXBuildFile; fileRef = 85F04FFA2ABCA65C009CB1BB /* ComputerImageView.swift */; };
		85F050052ABCACD7009CB1BB /* SizeExtension.swift in Sources */ = {isa = PBXBuildFile; fileRef = 85F050042ABCACD6009CB1BB /* SizeExtension.swift */; };
		85F050082ABCAEA8009CB1BB /* ProductModel.swift in Sources */ = {isa = PBXBuildFile; fileRef = 85F050072ABCAEA8009CB1BB /* ProductModel.swift */; };
		85F0500A2ABCAFA0009CB1BB /* HomeViewModel.swift in Sources */ = {isa = PBXBuildFile; fileRef = 85F050092ABCAFA0009CB1BB /* HomeViewModel.swift */; };
		85F0500D2ABCB0F4009CB1BB /* HomeService.swift in Sources */ = {isa = PBXBuildFile; fileRef = 85F0500C2ABCB0F4009CB1BB /* HomeService.swift */; };
		85F0500F2ABCB165009CB1BB /* NetworkEnum.swift in Sources */ = {isa = PBXBuildFile; fileRef = 85F0500E2ABCB165009CB1BB /* NetworkEnum.swift */; };
		85F6101A2ABE475C00DDB11E /* HttpRequestEnum.swift in Sources */ = {isa = PBXBuildFile; fileRef = 85F610192ABE475C00DDB11E /* HttpRequestEnum.swift */; };
/* End PBXBuildFile section */

/* Begin PBXFileReference section */
		858416832AC433BE0098EDB8 /* HttpPathsEnum.swift */ = {isa = PBXFileReference; lastKnownFileType = sourcecode.swift; path = HttpPathsEnum.swift; sourceTree = "<group>"; };
		859171082ABDDA890023DEDB /* CartProductModel.swift */ = {isa = PBXFileReference; lastKnownFileType = sourcecode.swift; path = CartProductModel.swift; sourceTree = "<group>"; };
		85E7723E2ABB97B2001DA5A1 /* ComputerStore.app */ = {isa = PBXFileReference; explicitFileType = wrapper.application; includeInIndex = 0; path = ComputerStore.app; sourceTree = BUILT_PRODUCTS_DIR; };
		85E772412ABB97B2001DA5A1 /* ComputerStoreApp.swift */ = {isa = PBXFileReference; lastKnownFileType = sourcecode.swift; path = ComputerStoreApp.swift; sourceTree = "<group>"; };
		85E772432ABB97B2001DA5A1 /* HomeView.swift */ = {isa = PBXFileReference; lastKnownFileType = sourcecode.swift; path = HomeView.swift; sourceTree = "<group>"; };
		85E772452ABB97B3001DA5A1 /* Assets.xcassets */ = {isa = PBXFileReference; lastKnownFileType = folder.assetcatalog; path = Assets.xcassets; sourceTree = "<group>"; };
		85E772482ABB97B3001DA5A1 /* Preview Assets.xcassets */ = {isa = PBXFileReference; lastKnownFileType = folder.assetcatalog; path = "Preview Assets.xcassets"; sourceTree = "<group>"; };
		85F04FFA2ABCA65C009CB1BB /* ComputerImageView.swift */ = {isa = PBXFileReference; lastKnownFileType = sourcecode.swift; path = ComputerImageView.swift; sourceTree = "<group>"; };
		85F050042ABCACD6009CB1BB /* SizeExtension.swift */ = {isa = PBXFileReference; lastKnownFileType = sourcecode.swift; path = SizeExtension.swift; sourceTree = "<group>"; };
		85F050072ABCAEA8009CB1BB /* ProductModel.swift */ = {isa = PBXFileReference; lastKnownFileType = sourcecode.swift; path = ProductModel.swift; sourceTree = "<group>"; };
		85F050092ABCAFA0009CB1BB /* HomeViewModel.swift */ = {isa = PBXFileReference; lastKnownFileType = sourcecode.swift; path = HomeViewModel.swift; sourceTree = "<group>"; };
		85F0500C2ABCB0F4009CB1BB /* HomeService.swift */ = {isa = PBXFileReference; lastKnownFileType = sourcecode.swift; path = HomeService.swift; sourceTree = "<group>"; };
		85F0500E2ABCB165009CB1BB /* NetworkEnum.swift */ = {isa = PBXFileReference; lastKnownFileType = sourcecode.swift; path = NetworkEnum.swift; sourceTree = "<group>"; };
		85F610192ABE475C00DDB11E /* HttpRequestEnum.swift */ = {isa = PBXFileReference; lastKnownFileType = sourcecode.swift; path = HttpRequestEnum.swift; sourceTree = "<group>"; };
/* End PBXFileReference section */

/* Begin PBXFrameworksBuildPhase section */
		85E7723B2ABB97B2001DA5A1 /* Frameworks */ = {
			isa = PBXFrameworksBuildPhase;
			buildActionMask = 2147483647;
			files = (
				858416822AC42CC60098EDB8 /* Kingfisher in Frameworks */,
				858416872AC435340098EDB8 /* Alamofire in Frameworks */,
			);
			runOnlyForDeploymentPostprocessing = 0;
		};
/* End PBXFrameworksBuildPhase section */

/* Begin PBXGroup section */
		85D1305B2ABB98380038D2F0 /* ViewModel */ = {
			isa = PBXGroup;
			children = (
				85F050092ABCAFA0009CB1BB /* HomeViewModel.swift */,
			);
			path = ViewModel;
			sourceTree = "<group>";
		};
		85D1305C2ABB98410038D2F0 /* View */ = {
			isa = PBXGroup;
			children = (
				85E772432ABB97B2001DA5A1 /* HomeView.swift */,
				85F04FFA2ABCA65C009CB1BB /* ComputerImageView.swift */,
			);
			path = View;
			sourceTree = "<group>";
		};
		85D1305D2ABB98460038D2F0 /* Model */ = {
			isa = PBXGroup;
			children = (
				85F050072ABCAEA8009CB1BB /* ProductModel.swift */,
				859171082ABDDA890023DEDB /* CartProductModel.swift */,
			);
			path = Model;
			sourceTree = "<group>";
		};
		85E772352ABB97B2001DA5A1 = {
			isa = PBXGroup;
			children = (
				85E772402ABB97B2001DA5A1 /* ComputerStore */,
				85E7723F2ABB97B2001DA5A1 /* Products */,
			);
			sourceTree = "<group>";
		};
		85E7723F2ABB97B2001DA5A1 /* Products */ = {
			isa = PBXGroup;
			children = (
				85E7723E2ABB97B2001DA5A1 /* ComputerStore.app */,
			);
			name = Products;
			sourceTree = "<group>";
		};
		85E772402ABB97B2001DA5A1 /* ComputerStore */ = {
			isa = PBXGroup;
			children = (
				85F050022ABCA915009CB1BB /* Core */,
				85F050002ABCA8E4009CB1BB /* Features */,
				85E772412ABB97B2001DA5A1 /* ComputerStoreApp.swift */,
				85E772452ABB97B3001DA5A1 /* Assets.xcassets */,
				85E772472ABB97B3001DA5A1 /* Preview Content */,
			);
			path = ComputerStore;
			sourceTree = "<group>";
		};
		85E772472ABB97B3001DA5A1 /* Preview Content */ = {
			isa = PBXGroup;
			children = (
				85E772482ABB97B3001DA5A1 /* Preview Assets.xcassets */,
			);
			path = "Preview Content";
			sourceTree = "<group>";
		};
		85F04FFC2ABCA6B3009CB1BB /* Service */ = {
			isa = PBXGroup;
			children = (
				85F0500C2ABCB0F4009CB1BB /* HomeService.swift */,
			);
			path = Service;
			sourceTree = "<group>";
		};
		85F050002ABCA8E4009CB1BB /* Features */ = {
			isa = PBXGroup;
			children = (
				85F050012ABCA8F3009CB1BB /* Home */,
			);
			path = Features;
			sourceTree = "<group>";
		};
		85F050012ABCA8F3009CB1BB /* Home */ = {
			isa = PBXGroup;
			children = (
				85F04FFC2ABCA6B3009CB1BB /* Service */,
				85D1305B2ABB98380038D2F0 /* ViewModel */,
				85D1305C2ABB98410038D2F0 /* View */,
				85D1305D2ABB98460038D2F0 /* Model */,
			);
			path = Home;
			sourceTree = "<group>";
		};
		85F050022ABCA915009CB1BB /* Core */ = {
			isa = PBXGroup;
			children = (
				85F050102ABCB1EB009CB1BB /* Enums */,
				85F050062ABCACE5009CB1BB /* Extensions */,
			);
			path = Core;
			sourceTree = "<group>";
		};
		85F050062ABCACE5009CB1BB /* Extensions */ = {
			isa = PBXGroup;
			children = (
				85F050042ABCACD6009CB1BB /* SizeExtension.swift */,
			);
			path = Extensions;
			sourceTree = "<group>";
		};
		85F050102ABCB1EB009CB1BB /* Enums */ = {
			isa = PBXGroup;
			children = (
				85F0500E2ABCB165009CB1BB /* NetworkEnum.swift */,
				85F610192ABE475C00DDB11E /* HttpRequestEnum.swift */,
				858416832AC433BE0098EDB8 /* HttpPathsEnum.swift */,
			);
			path = Enums;
			sourceTree = "<group>";
		};
/* End PBXGroup section */

/* Begin PBXNativeTarget section */
		85E7723D2ABB97B2001DA5A1 /* ComputerStore */ = {
			isa = PBXNativeTarget;
			buildConfigurationList = 85E7724C2ABB97B3001DA5A1 /* Build configuration list for PBXNativeTarget "ComputerStore" */;
			buildPhases = (
				85E7723A2ABB97B2001DA5A1 /* Sources */,
				85E7723B2ABB97B2001DA5A1 /* Frameworks */,
				85E7723C2ABB97B2001DA5A1 /* Resources */,
			);
			buildRules = (
			);
			dependencies = (
			);
			name = ComputerStore;
			packageProductDependencies = (
				858416812AC42CC60098EDB8 /* Kingfisher */,
				858416862AC435340098EDB8 /* Alamofire */,
			);
			productName = ComputerStore;
			productReference = 85E7723E2ABB97B2001DA5A1 /* ComputerStore.app */;
			productType = "com.apple.product-type.application";
		};
/* End PBXNativeTarget section */

/* Begin PBXProject section */
		85E772362ABB97B2001DA5A1 /* Project object */ = {
			isa = PBXProject;
			attributes = {
				BuildIndependentTargetsInParallel = 1;
				LastSwiftUpdateCheck = 1500;
				LastUpgradeCheck = 1500;
				TargetAttributes = {
					85E7723D2ABB97B2001DA5A1 = {
						CreatedOnToolsVersion = 15.0;
					};
				};
			};
			buildConfigurationList = 85E772392ABB97B2001DA5A1 /* Build configuration list for PBXProject "ComputerStore" */;
			compatibilityVersion = "Xcode 14.0";
			developmentRegion = en;
			hasScannedForEncodings = 0;
			knownRegions = (
				en,
				Base,
			);
			mainGroup = 85E772352ABB97B2001DA5A1;
			packageReferences = (
				858416802AC42CC60098EDB8 /* XCRemoteSwiftPackageReference "Kingfisher" */,
				858416852AC435340098EDB8 /* XCRemoteSwiftPackageReference "Alamofire" */,
			);
			productRefGroup = 85E7723F2ABB97B2001DA5A1 /* Products */;
			projectDirPath = "";
			projectRoot = "";
			targets = (
				85E7723D2ABB97B2001DA5A1 /* ComputerStore */,
			);
		};
/* End PBXProject section */

/* Begin PBXResourcesBuildPhase section */
		85E7723C2ABB97B2001DA5A1 /* Resources */ = {
			isa = PBXResourcesBuildPhase;
			buildActionMask = 2147483647;
			files = (
				85E772492ABB97B3001DA5A1 /* Preview Assets.xcassets in Resources */,
				85E772462ABB97B3001DA5A1 /* Assets.xcassets in Resources */,
			);
			runOnlyForDeploymentPostprocessing = 0;
		};
/* End PBXResourcesBuildPhase section */

/* Begin PBXSourcesBuildPhase section */
		85E7723A2ABB97B2001DA5A1 /* Sources */ = {
			isa = PBXSourcesBuildPhase;
			buildActionMask = 2147483647;
			files = (
				85F050052ABCACD7009CB1BB /* SizeExtension.swift in Sources */,
				85F04FFB2ABCA65C009CB1BB /* ComputerImageView.swift in Sources */,
				85F0500F2ABCB165009CB1BB /* NetworkEnum.swift in Sources */,
				85F0500A2ABCAFA0009CB1BB /* HomeViewModel.swift in Sources */,
				85E772442ABB97B2001DA5A1 /* HomeView.swift in Sources */,
				85F6101A2ABE475C00DDB11E /* HttpRequestEnum.swift in Sources */,
				859171092ABDDA890023DEDB /* CartProductModel.swift in Sources */,
				85E772422ABB97B2001DA5A1 /* ComputerStoreApp.swift in Sources */,
				858416842AC433BE0098EDB8 /* HttpPathsEnum.swift in Sources */,
				85F0500D2ABCB0F4009CB1BB /* HomeService.swift in Sources */,
				85F050082ABCAEA8009CB1BB /* ProductModel.swift in Sources */,
			);
			runOnlyForDeploymentPostprocessing = 0;
		};
/* End PBXSourcesBuildPhase section */

/* Begin XCBuildConfiguration section */
		85E7724A2ABB97B3001DA5A1 /* Debug */ = {
			isa = XCBuildConfiguration;
			buildSettings = {
				ALWAYS_SEARCH_USER_PATHS = NO;
				ASSETCATALOG_COMPILER_GENERATE_SWIFT_ASSET_SYMBOL_EXTENSIONS = YES;
				CLANG_ANALYZER_NONNULL = YES;
				CLANG_ANALYZER_NUMBER_OBJECT_CONVERSION = YES_AGGRESSIVE;
				CLANG_CXX_LANGUAGE_STANDARD = "gnu++20";
				CLANG_ENABLE_MODULES = YES;
				CLANG_ENABLE_OBJC_ARC = YES;
				CLANG_ENABLE_OBJC_WEAK = YES;
				CLANG_WARN_BLOCK_CAPTURE_AUTORELEASING = YES;
				CLANG_WARN_BOOL_CONVERSION = YES;
				CLANG_WARN_COMMA = YES;
				CLANG_WARN_CONSTANT_CONVERSION = YES;
				CLANG_WARN_DEPRECATED_OBJC_IMPLEMENTATIONS = YES;
				CLANG_WARN_DIRECT_OBJC_ISA_USAGE = YES_ERROR;
				CLANG_WARN_DOCUMENTATION_COMMENTS = YES;
				CLANG_WARN_EMPTY_BODY = YES;
				CLANG_WARN_ENUM_CONVERSION = YES;
				CLANG_WARN_INFINITE_RECURSION = YES;
				CLANG_WARN_INT_CONVERSION = YES;
				CLANG_WARN_NON_LITERAL_NULL_CONVERSION = YES;
				CLANG_WARN_OBJC_IMPLICIT_RETAIN_SELF = YES;
				CLANG_WARN_OBJC_LITERAL_CONVERSION = YES;
				CLANG_WARN_OBJC_ROOT_CLASS = YES_ERROR;
				CLANG_WARN_QUOTED_INCLUDE_IN_FRAMEWORK_HEADER = YES;
				CLANG_WARN_RANGE_LOOP_ANALYSIS = YES;
				CLANG_WARN_STRICT_PROTOTYPES = YES;
				CLANG_WARN_SUSPICIOUS_MOVE = YES;
				CLANG_WARN_UNGUARDED_AVAILABILITY = YES_AGGRESSIVE;
				CLANG_WARN_UNREACHABLE_CODE = YES;
				CLANG_WARN__DUPLICATE_METHOD_MATCH = YES;
				COPY_PHASE_STRIP = NO;
				DEBUG_INFORMATION_FORMAT = dwarf;
				ENABLE_STRICT_OBJC_MSGSEND = YES;
				ENABLE_TESTABILITY = YES;
				ENABLE_USER_SCRIPT_SANDBOXING = YES;
				GCC_C_LANGUAGE_STANDARD = gnu17;
				GCC_DYNAMIC_NO_PIC = NO;
				GCC_NO_COMMON_BLOCKS = YES;
				GCC_OPTIMIZATION_LEVEL = 0;
				GCC_PREPROCESSOR_DEFINITIONS = (
					"DEBUG=1",
					"$(inherited)",
				);
				GCC_WARN_64_TO_32_BIT_CONVERSION = YES;
				GCC_WARN_ABOUT_RETURN_TYPE = YES_ERROR;
				GCC_WARN_UNDECLARED_SELECTOR = YES;
				GCC_WARN_UNINITIALIZED_AUTOS = YES_AGGRESSIVE;
				GCC_WARN_UNUSED_FUNCTION = YES;
				GCC_WARN_UNUSED_VARIABLE = YES;
				IPHONEOS_DEPLOYMENT_TARGET = 17.0;
				LOCALIZATION_PREFERS_STRING_CATALOGS = YES;
				MTL_ENABLE_DEBUG_INFO = INCLUDE_SOURCE;
				MTL_FAST_MATH = YES;
				ONLY_ACTIVE_ARCH = YES;
				SDKROOT = iphoneos;
				SWIFT_ACTIVE_COMPILATION_CONDITIONS = "DEBUG $(inherited)";
				SWIFT_OPTIMIZATION_LEVEL = "-Onone";
			};
			name = Debug;
		};
		85E7724B2ABB97B3001DA5A1 /* Release */ = {
			isa = XCBuildConfiguration;
			buildSettings = {
				ALWAYS_SEARCH_USER_PATHS = NO;
				ASSETCATALOG_COMPILER_GENERATE_SWIFT_ASSET_SYMBOL_EXTENSIONS = YES;
				CLANG_ANALYZER_NONNULL = YES;
				CLANG_ANALYZER_NUMBER_OBJECT_CONVERSION = YES_AGGRESSIVE;
				CLANG_CXX_LANGUAGE_STANDARD = "gnu++20";
				CLANG_ENABLE_MODULES = YES;
				CLANG_ENABLE_OBJC_ARC = YES;
				CLANG_ENABLE_OBJC_WEAK = YES;
				CLANG_WARN_BLOCK_CAPTURE_AUTORELEASING = YES;
				CLANG_WARN_BOOL_CONVERSION = YES;
				CLANG_WARN_COMMA = YES;
				CLANG_WARN_CONSTANT_CONVERSION = YES;
				CLANG_WARN_DEPRECATED_OBJC_IMPLEMENTATIONS = YES;
				CLANG_WARN_DIRECT_OBJC_ISA_USAGE = YES_ERROR;
				CLANG_WARN_DOCUMENTATION_COMMENTS = YES;
				CLANG_WARN_EMPTY_BODY = YES;
				CLANG_WARN_ENUM_CONVERSION = YES;
				CLANG_WARN_INFINITE_RECURSION = YES;
				CLANG_WARN_INT_CONVERSION = YES;
				CLANG_WARN_NON_LITERAL_NULL_CONVERSION = YES;
				CLANG_WARN_OBJC_IMPLICIT_RETAIN_SELF = YES;
				CLANG_WARN_OBJC_LITERAL_CONVERSION = YES;
				CLANG_WARN_OBJC_ROOT_CLASS = YES_ERROR;
				CLANG_WARN_QUOTED_INCLUDE_IN_FRAMEWORK_HEADER = YES;
				CLANG_WARN_RANGE_LOOP_ANALYSIS = YES;
				CLANG_WARN_STRICT_PROTOTYPES = YES;
				CLANG_WARN_SUSPICIOUS_MOVE = YES;
				CLANG_WARN_UNGUARDED_AVAILABILITY = YES_AGGRESSIVE;
				CLANG_WARN_UNREACHABLE_CODE = YES;
				CLANG_WARN__DUPLICATE_METHOD_MATCH = YES;
				COPY_PHASE_STRIP = NO;
				DEBUG_INFORMATION_FORMAT = "dwarf-with-dsym";
				ENABLE_NS_ASSERTIONS = NO;
				ENABLE_STRICT_OBJC_MSGSEND = YES;
				ENABLE_USER_SCRIPT_SANDBOXING = YES;
				GCC_C_LANGUAGE_STANDARD = gnu17;
				GCC_NO_COMMON_BLOCKS = YES;
				GCC_WARN_64_TO_32_BIT_CONVERSION = YES;
				GCC_WARN_ABOUT_RETURN_TYPE = YES_ERROR;
				GCC_WARN_UNDECLARED_SELECTOR = YES;
				GCC_WARN_UNINITIALIZED_AUTOS = YES_AGGRESSIVE;
				GCC_WARN_UNUSED_FUNCTION = YES;
				GCC_WARN_UNUSED_VARIABLE = YES;
				IPHONEOS_DEPLOYMENT_TARGET = 17.0;
				LOCALIZATION_PREFERS_STRING_CATALOGS = YES;
				MTL_ENABLE_DEBUG_INFO = NO;
				MTL_FAST_MATH = YES;
				SDKROOT = iphoneos;
				SWIFT_COMPILATION_MODE = wholemodule;
				VALIDATE_PRODUCT = YES;
			};
			name = Release;
		};
		85E7724D2ABB97B3001DA5A1 /* Debug */ = {
			isa = XCBuildConfiguration;
			buildSettings = {
				ASSETCATALOG_COMPILER_APPICON_NAME = AppIcon;
				ASSETCATALOG_COMPILER_GLOBAL_ACCENT_COLOR_NAME = AccentColor;
				CODE_SIGN_STYLE = Automatic;
				CURRENT_PROJECT_VERSION = 1;
				DEVELOPMENT_ASSET_PATHS = "\"ComputerStore/Preview Content\"";
				DEVELOPMENT_TEAM = 8N942344B3;
				ENABLE_PREVIEWS = YES;
				GENERATE_INFOPLIST_FILE = YES;
				INFOPLIST_KEY_UIApplicationSceneManifest_Generation = YES;
				INFOPLIST_KEY_UIApplicationSupportsIndirectInputEvents = YES;
				INFOPLIST_KEY_UILaunchScreen_Generation = YES;
				INFOPLIST_KEY_UISupportedInterfaceOrientations_iPad = "UIInterfaceOrientationPortrait UIInterfaceOrientationPortraitUpsideDown UIInterfaceOrientationLandscapeLeft UIInterfaceOrientationLandscapeRight";
				INFOPLIST_KEY_UISupportedInterfaceOrientations_iPhone = "UIInterfaceOrientationPortrait UIInterfaceOrientationLandscapeLeft UIInterfaceOrientationLandscapeRight";
				LD_RUNPATH_SEARCH_PATHS = (
					"$(inherited)",
					"@executable_path/Frameworks",
				);
				MARKETING_VERSION = 1.0;
				PRODUCT_BUNDLE_IDENTIFIER = com.mehmetozkan.ComputerStore;
				PRODUCT_NAME = "$(TARGET_NAME)";
				SWIFT_EMIT_LOC_STRINGS = YES;
				SWIFT_VERSION = 5.0;
				TARGETED_DEVICE_FAMILY = "1,2";
			};
			name = Debug;
		};
		85E7724E2ABB97B3001DA5A1 /* Release */ = {
			isa = XCBuildConfiguration;
			buildSettings = {
				ASSETCATALOG_COMPILER_APPICON_NAME = AppIcon;
				ASSETCATALOG_COMPILER_GLOBAL_ACCENT_COLOR_NAME = AccentColor;
				CODE_SIGN_STYLE = Automatic;
				CURRENT_PROJECT_VERSION = 1;
				DEVELOPMENT_ASSET_PATHS = "\"ComputerStore/Preview Content\"";
				DEVELOPMENT_TEAM = 8N942344B3;
				ENABLE_PREVIEWS = YES;
				GENERATE_INFOPLIST_FILE = YES;
				INFOPLIST_KEY_UIApplicationSceneManifest_Generation = YES;
				INFOPLIST_KEY_UIApplicationSupportsIndirectInputEvents = YES;
				INFOPLIST_KEY_UILaunchScreen_Generation = YES;
				INFOPLIST_KEY_UISupportedInterfaceOrientations_iPad = "UIInterfaceOrientationPortrait UIInterfaceOrientationPortraitUpsideDown UIInterfaceOrientationLandscapeLeft UIInterfaceOrientationLandscapeRight";
				INFOPLIST_KEY_UISupportedInterfaceOrientations_iPhone = "UIInterfaceOrientationPortrait UIInterfaceOrientationLandscapeLeft UIInterfaceOrientationLandscapeRight";
				LD_RUNPATH_SEARCH_PATHS = (
					"$(inherited)",
					"@executable_path/Frameworks",
				);
				MARKETING_VERSION = 1.0;
				PRODUCT_BUNDLE_IDENTIFIER = com.mehmetozkan.ComputerStore;
				PRODUCT_NAME = "$(TARGET_NAME)";
				SWIFT_EMIT_LOC_STRINGS = YES;
				SWIFT_VERSION = 5.0;
				TARGETED_DEVICE_FAMILY = "1,2";
			};
			name = Release;
		};
/* End XCBuildConfiguration section */

/* Begin XCConfigurationList section */
		85E772392ABB97B2001DA5A1 /* Build configuration list for PBXProject "ComputerStore" */ = {
			isa = XCConfigurationList;
			buildConfigurations = (
				85E7724A2ABB97B3001DA5A1 /* Debug */,
				85E7724B2ABB97B3001DA5A1 /* Release */,
			);
			defaultConfigurationIsVisible = 0;
			defaultConfigurationName = Release;
		};
		85E7724C2ABB97B3001DA5A1 /* Build configuration list for PBXNativeTarget "ComputerStore" */ = {
			isa = XCConfigurationList;
			buildConfigurations = (
				85E7724D2ABB97B3001DA5A1 /* Debug */,
				85E7724E2ABB97B3001DA5A1 /* Release */,
			);
			defaultConfigurationIsVisible = 0;
			defaultConfigurationName = Release;
		};
/* End XCConfigurationList section */

/* Begin XCRemoteSwiftPackageReference section */
		858416802AC42CC60098EDB8 /* XCRemoteSwiftPackageReference "Kingfisher" */ = {
			isa = XCRemoteSwiftPackageReference;
			repositoryURL = "https://github.com/onevcat/Kingfisher.git";
			requirement = {
				kind = upToNextMajorVersion;
				minimumVersion = 7.9.1;
			};
		};
		858416852AC435340098EDB8 /* XCRemoteSwiftPackageReference "Alamofire" */ = {
			isa = XCRemoteSwiftPackageReference;
			repositoryURL = "https://github.com/Alamofire/Alamofire.git";
			requirement = {
				kind = upToNextMajorVersion;
				minimumVersion = 5.8.0;
			};
		};
/* End XCRemoteSwiftPackageReference section */

/* Begin XCSwiftPackageProductDependency section */
		858416812AC42CC60098EDB8 /* Kingfisher */ = {
			isa = XCSwiftPackageProductDependency;
			package = 858416802AC42CC60098EDB8 /* XCRemoteSwiftPackageReference "Kingfisher" */;
			productName = Kingfisher;
		};
		858416862AC435340098EDB8 /* Alamofire */ = {
			isa = XCSwiftPackageProductDependency;
			package = 858416852AC435340098EDB8 /* XCRemoteSwiftPackageReference "Alamofire" */;
			productName = Alamofire;
		};
/* End XCSwiftPackageProductDependency section */
	};
	rootObject = 85E772362ABB97B2001DA5A1 /* Project object */;
}
